
Microsoft Visual Studio Solution File, Format Version 12.00
# Visual Studio Version 16
VisualStudioVersion = 16.0.30804.86
MinimumVisualStudioVersion = 10.0.40219.1
Project("{FAE04EC0-301F-11D3-BF4B-00C04F79EFBC}") = "StringCalculator", "StringCalculator\StringCalculator.csproj", "{FA8B03E7-51FF-498C-A0E7-BA680C12DF13}"
EndProject
Project("{FAE04EC0-301F-11D3-BF4B-00C04F79EFBC}") = "StringCalculatorTests", "StringCalculatorTests\StringCalculatorTests.csproj", "{1C26F74B-4C6A-4EB3-9092-C11B487F3970}"
EndProject
Global
	GlobalSection(SolutionConfigurationPlatforms) = preSolution
		Debug|Any CPU = Debug|Any CPU
		Release|Any CPU = Release|Any CPU
	EndGlobalSection
	GlobalSection(ProjectConfigurationPlatforms) = postSolution
		{FA8B03E7-51FF-498C-A0E7-BA680C12DF13}.Debug|Any CPU.ActiveCfg = Debug|Any CPU
		{FA8B03E7-51FF-498C-A0E7-BA680C12DF13}.Debug|Any CPU.Build.0 = Debug|Any CPU
		{FA8B03E7-51FF-498C-A0E7-BA680C12DF13}.Release|Any CPU.ActiveCfg = Release|Any CPU
		{FA8B03E7-51FF-498C-A0E7-BA680C12DF13}.Release|Any CPU.Build.0 = Release|Any CPU
		{1C26F74B-4C6A-4EB3-9092-C11B487F3970}.Debug|Any CPU.ActiveCfg = Debug|Any CPU
		{1C26F74B-4C6A-4EB3-9092-C11B487F3970}.Debug|Any CPU.Build.0 = Debug|Any CPU
		{1C26F74B-4C6A-4EB3-9092-C11B487F3970}.Release|Any CPU.ActiveCfg = Release|Any CPU
		{1C26F74B-4C6A-4EB3-9092-C11B487F3970}.Release|Any CPU.Build.0 = Release|Any CPU
	EndGlobalSection
	GlobalSection(SolutionProperties) = preSolution
		HideSolutionNode = FALSE
	EndGlobalSection
	GlobalSection(ExtensibilityGlobals) = postSolution
		SolutionGuid = {9863C04D-95FC-43D8-8A26-06EB609CD0C7}
	EndGlobalSection
EndGlobal
